// !$*UTF8*$!
{
	archiveVersion = 1;
	classes = {
	};
	objectVersion = 50;
	objects = {

/* Begin PBXBuildFile section */
		609CB9FA23DCB830002AF2FE /* NonParametric.cpp in Sources */ = {isa = PBXBuildFile; fileRef = 609CB9F123DCB830002AF2FE /* NonParametric.cpp */; };
		609CB9FB23DCB830002AF2FE /* RCRstarterfile.cpp in Sources */ = {isa = PBXBuildFile; fileRef = 609CB9F323DCB830002AF2FE /* RCRstarterfile.cpp */; };
		609CB9FC23DCB830002AF2FE /* MiscFunctions.cpp in Sources */ = {isa = PBXBuildFile; fileRef = 609CB9F423DCB830002AF2FE /* MiscFunctions.cpp */; };
		609CB9FD23DCB830002AF2FE /* FunctionalForm.cpp in Sources */ = {isa = PBXBuildFile; fileRef = 609CB9F623DCB830002AF2FE /* FunctionalForm.cpp */; };
		609CB9FE23DCB830002AF2FE /* RCR.cpp in Sources */ = {isa = PBXBuildFile; fileRef = 609CB9F923DCB830002AF2FE /* RCR.cpp */; };
/* End PBXBuildFile section */

/* Begin PBXCopyFilesBuildPhase section */
		609CB9E523DCB81A002AF2FE /* CopyFiles */ = {
			isa = PBXCopyFilesBuildPhase;
			buildActionMask = 2147483647;
			dstPath = /usr/share/man/man1/;
			dstSubfolderSpec = 0;
			files = (
			);
			runOnlyForDeploymentPostprocessing = 1;
		};
/* End PBXCopyFilesBuildPhase section */

/* Begin PBXFileReference section */
		609CB9E723DCB81A002AF2FE /* RCR */ = {isa = PBXFileReference; includeInIndex = 0; lastKnownFileType = "compiled.mach-o.executable"; path = RCR; sourceTree = BUILT_PRODUCTS_DIR; };
		609CB9F123DCB830002AF2FE /* NonParametric.cpp */ = {isa = PBXFileReference; fileEncoding = 4; lastKnownFileType = sourcecode.cpp.cpp; name = NonParametric.cpp; path = ../../NonParametric.cpp; sourceTree = "<group>"; };
		609CB9F223DCB830002AF2FE /* NonParametric.h */ = {isa = PBXFileReference; fileEncoding = 4; lastKnownFileType = sourcecode.c.h; name = NonParametric.h; path = ../../NonParametric.h; sourceTree = "<group>"; };
		609CB9F323DCB830002AF2FE /* RCRstarterfile.cpp */ = {isa = PBXFileReference; fileEncoding = 4; lastKnownFileType = sourcecode.cpp.cpp; name = RCRstarterfile.cpp; path = ../../RCRstarterfile.cpp; sourceTree = "<group>"; };
		609CB9F423DCB830002AF2FE /* MiscFunctions.cpp */ = {isa = PBXFileReference; fileEncoding = 4; lastKnownFileType = sourcecode.cpp.cpp; name = MiscFunctions.cpp; path = ../../MiscFunctions.cpp; sourceTree = "<group>"; };
		609CB9F523DCB830002AF2FE /* FunctionalForm.h */ = {isa = PBXFileReference; fileEncoding = 4; lastKnownFileType = sourcecode.c.h; name = FunctionalForm.h; path = ../../FunctionalForm.h; sourceTree = "<group>"; };
		609CB9F623DCB830002AF2FE /* FunctionalForm.cpp */ = {isa = PBXFileReference; fileEncoding = 4; lastKnownFileType = sourcecode.cpp.cpp; name = FunctionalForm.cpp; path = ../../FunctionalForm.cpp; sourceTree = "<group>"; };
		609CB9F723DCB830002AF2FE /* MiscFunctions.h */ = {isa = PBXFileReference; fileEncoding = 4; lastKnownFileType = sourcecode.c.h; name = MiscFunctions.h; path = ../../MiscFunctions.h; sourceTree = "<group>"; };
		609CB9F823DCB830002AF2FE /* RCR.h */ = {isa = PBXFileReference; fileEncoding = 4; lastKnownFileType = sourcecode.c.h; name = RCR.h; path = ../../RCR.h; sourceTree = "<group>"; };
		609CB9F923DCB830002AF2FE /* RCR.cpp */ = {isa = PBXFileReference; fileEncoding = 4; lastKnownFileType = sourcecode.cpp.cpp; name = RCR.cpp; path = ../../RCR.cpp; sourceTree = "<group>"; };
/* End PBXFileReference section */

/* Begin PBXFrameworksBuildPhase section */
		609CB9E423DCB81A002AF2FE /* Frameworks */ = {
			isa = PBXFrameworksBuildPhase;
			buildActionMask = 2147483647;
			files = (
			);
			runOnlyForDeploymentPostprocessing = 0;
		};
/* End PBXFrameworksBuildPhase section */

/* Begin PBXGroup section */
		609CB9DE23DCB81A002AF2FE = {
			isa = PBXGroup;
			children = (
				609CB9E923DCB81A002AF2FE /* RCR */,
				609CB9E823DCB81A002AF2FE /* Products */,
			);
			sourceTree = "<group>";
		};
		609CB9E823DCB81A002AF2FE /* Products */ = {
			isa = PBXGroup;
			children = (
				609CB9E723DCB81A002AF2FE /* RCR */,
			);
			name = Products;
			sourceTree = "<group>";
		};
		609CB9E923DCB81A002AF2FE /* RCR */ = {
			isa = PBXGroup;
			children = (
				609CB9F623DCB830002AF2FE /* FunctionalForm.cpp */,
				609CB9F523DCB830002AF2FE /* FunctionalForm.h */,
				609CB9F423DCB830002AF2FE /* MiscFunctions.cpp */,
				609CB9F723DCB830002AF2FE /* MiscFunctions.h */,
				609CB9F123DCB830002AF2FE /* NonParametric.cpp */,
				609CB9F223DCB830002AF2FE /* NonParametric.h */,
				609CB9F923DCB830002AF2FE /* RCR.cpp */,
				609CB9F823DCB830002AF2FE /* RCR.h */,
				609CB9F323DCB830002AF2FE /* RCRstarterfile.cpp */,
			);
			path = RCR;
			sourceTree = "<group>";
		};
/* End PBXGroup section */

/* Begin PBXNativeTarget section */
		609CB9E623DCB81A002AF2FE /* RCR */ = {
			isa = PBXNativeTarget;
			buildConfigurationList = 609CB9EE23DCB81A002AF2FE /* Build configuration list for PBXNativeTarget "RCR" */;
			buildPhases = (
				609CB9E323DCB81A002AF2FE /* Sources */,
				609CB9E423DCB81A002AF2FE /* Frameworks */,
				609CB9E523DCB81A002AF2FE /* CopyFiles */,
			);
			buildRules = (
			);
			dependencies = (
			);
			name = RCR;
			productName = RCR;
			productReference = 609CB9E723DCB81A002AF2FE /* RCR */;
			productType = "com.apple.product-type.tool";
		};
/* End PBXNativeTarget section */

/* Begin PBXProject section */
		609CB9DF23DCB81A002AF2FE /* Project object */ = {
			isa = PBXProject;
			attributes = {
				LastUpgradeCheck = 1140;
				ORGANIZATIONNAME = Skynet;
				TargetAttributes = {
					609CB9E623DCB81A002AF2FE = {
						CreatedOnToolsVersion = 11.2.1;
					};
				};
			};
			buildConfigurationList = 609CB9E223DCB81A002AF2FE /* Build configuration list for PBXProject "RCR" */;
			compatibilityVersion = "Xcode 9.3";
			developmentRegion = en;
			hasScannedForEncodings = 0;
			knownRegions = (
				en,
				Base,
			);
			mainGroup = 609CB9DE23DCB81A002AF2FE;
			productRefGroup = 609CB9E823DCB81A002AF2FE /* Products */;
			projectDirPath = "";
			projectRoot = "";
			targets = (
				609CB9E623DCB81A002AF2FE /* RCR */,
			);
		};
/* End PBXProject section */

/* Begin PBXSourcesBuildPhase section */
		609CB9E323DCB81A002AF2FE /* Sources */ = {
			isa = PBXSourcesBuildPhase;
			buildActionMask = 2147483647;
			files = (
				609CB9FB23DCB830002AF2FE /* RCRstarterfile.cpp in Sources */,
				609CB9FA23DCB830002AF2FE /* NonParametric.cpp in Sources */,
				609CB9FE23DCB830002AF2FE /* RCR.cpp in Sources */,
				609CB9FC23DCB830002AF2FE /* MiscFunctions.cpp in Sources */,
				609CB9FD23DCB830002AF2FE /* FunctionalForm.cpp in Sources */,
			);
			runOnlyForDeploymentPostprocessing = 0;
		};
/* End PBXSourcesBuildPhase section */

/* Begin XCBuildConfiguration section */
		609CB9EC23DCB81A002AF2FE /* Debug */ = {
			isa = XCBuildConfiguration;
			buildSettings = {
				ALWAYS_SEARCH_USER_PATHS = NO;
				CLANG_ANALYZER_NONNULL = YES;
				CLANG_ANALYZER_NUMBER_OBJECT_CONVERSION = YES_AGGRESSIVE;
				CLANG_CXX_LANGUAGE_STANDARD = "gnu++14";
				CLANG_CXX_LIBRARY = "libc++";
				CLANG_ENABLE_MODULES = YES;
				CLANG_ENABLE_OBJC_ARC = YES;
				CLANG_ENABLE_OBJC_WEAK = YES;
				CLANG_WARN_BLOCK_CAPTURE_AUTORELEASING = YES;
				CLANG_WARN_BOOL_CONVERSION = YES;
				CLANG_WARN_COMMA = YES;
				CLANG_WARN_CONSTANT_CONVERSION = YES;
				CLANG_WARN_DEPRECATED_OBJC_IMPLEMENTATIONS = YES;
				CLANG_WARN_DIRECT_OBJC_ISA_USAGE = YES_ERROR;
				CLANG_WARN_DOCUMENTATION_COMMENTS = YES;
				CLANG_WARN_EMPTY_BODY = YES;
				CLANG_WARN_ENUM_CONVERSION = YES;
				CLANG_WARN_INFINITE_RECURSION = YES;
				CLANG_WARN_INT_CONVERSION = YES;
				CLANG_WARN_NON_LITERAL_NULL_CONVERSION = YES;
				CLANG_WARN_OBJC_IMPLICIT_RETAIN_SELF = YES;
				CLANG_WARN_OBJC_LITERAL_CONVERSION = YES;
				CLANG_WARN_OBJC_ROOT_CLASS = YES_ERROR;
				CLANG_WARN_RANGE_LOOP_ANALYSIS = YES;
				CLANG_WARN_STRICT_PROTOTYPES = YES;
				CLANG_WARN_SUSPICIOUS_MOVE = YES;
				CLANG_WARN_UNGUARDED_AVAILABILITY = YES_AGGRESSIVE;
				CLANG_WARN_UNREACHABLE_CODE = YES;
				CLANG_WARN__DUPLICATE_METHOD_MATCH = YES;
				COPY_PHASE_STRIP = NO;
				DEBUG_INFORMATION_FORMAT = dwarf;
				ENABLE_STRICT_OBJC_MSGSEND = YES;
				ENABLE_TESTABILITY = YES;
				GCC_C_LANGUAGE_STANDARD = gnu11;
				GCC_DYNAMIC_NO_PIC = NO;
				GCC_NO_COMMON_BLOCKS = YES;
				GCC_OPTIMIZATION_LEVEL = 0;
				GCC_PREPROCESSOR_DEFINITIONS = (
					"DEBUG=1",
					"$(inherited)",
				);
				GCC_WARN_64_TO_32_BIT_CONVERSION = YES;
				GCC_WARN_ABOUT_RETURN_TYPE = YES_ERROR;
				GCC_WARN_UNDECLARED_SELECTOR = YES;
				GCC_WARN_UNINITIALIZED_AUTOS = YES_AGGRESSIVE;
				GCC_WARN_UNUSED_FUNCTION = YES;
				GCC_WARN_UNUSED_VARIABLE = YES;
				MACOSX_DEPLOYMENT_TARGET = 10.15;
				MTL_ENABLE_DEBUG_INFO = INCLUDE_SOURCE;
				MTL_FAST_MATH = YES;
				ONLY_ACTIVE_ARCH = YES;
				SDKROOT = macosx;
			};
			name = Debug;
		};
		609CB9ED23DCB81A002AF2FE /* Release */ = {
			isa = XCBuildConfiguration;
			buildSettings = {
				ALWAYS_SEARCH_USER_PATHS = NO;
				CLANG_ANALYZER_NONNULL = YES;
				CLANG_ANALYZER_NUMBER_OBJECT_CONVERSION = YES_AGGRESSIVE;
				CLANG_CXX_LANGUAGE_STANDARD = "gnu++14";
				CLANG_CXX_LIBRARY = "libc++";
				CLANG_ENABLE_MODULES = YES;
				CLANG_ENABLE_OBJC_ARC = YES;
				CLANG_ENABLE_OBJC_WEAK = YES;
				CLANG_WARN_BLOCK_CAPTURE_AUTORELEASING = YES;
				CLANG_WARN_BOOL_CONVERSION = YES;
				CLANG_WARN_COMMA = YES;
				CLANG_WARN_CONSTANT_CONVERSION = YES;
				CLANG_WARN_DEPRECATED_OBJC_IMPLEMENTATIONS = YES;
				CLANG_WARN_DIRECT_OBJC_ISA_USAGE = YES_ERROR;
				CLANG_WARN_DOCUMENTATION_COMMENTS = YES;
				CLANG_WARN_EMPTY_BODY = YES;
				CLANG_WARN_ENUM_CONVERSION = YES;
				CLANG_WARN_INFINITE_RECURSION = YES;
				CLANG_WARN_INT_CONVERSION = YES;
				CLANG_WARN_NON_LITERAL_NULL_CONVERSION = YES;
				CLANG_WARN_OBJC_IMPLICIT_RETAIN_SELF = YES;
				CLANG_WARN_OBJC_LITERAL_CONVERSION = YES;
				CLANG_WARN_OBJC_ROOT_CLASS = YES_ERROR;
				CLANG_WARN_RANGE_LOOP_ANALYSIS = YES;
				CLANG_WARN_STRICT_PROTOTYPES = YES;
				CLANG_WARN_SUSPICIOUS_MOVE = YES;
				CLANG_WARN_UNGUARDED_AVAILABILITY = YES_AGGRESSIVE;
				CLANG_WARN_UNREACHABLE_CODE = YES;
				CLANG_WARN__DUPLICATE_METHOD_MATCH = YES;
				COPY_PHASE_STRIP = NO;
				DEBUG_INFORMATION_FORMAT = "dwarf-with-dsym";
				ENABLE_NS_ASSERTIONS = NO;
				ENABLE_STRICT_OBJC_MSGSEND = YES;
				GCC_C_LANGUAGE_STANDARD = gnu11;
				GCC_NO_COMMON_BLOCKS = YES;
				GCC_WARN_64_TO_32_BIT_CONVERSION = YES;
				GCC_WARN_ABOUT_RETURN_TYPE = YES_ERROR;
				GCC_WARN_UNDECLARED_SELECTOR = YES;
				GCC_WARN_UNINITIALIZED_AUTOS = YES_AGGRESSIVE;
				GCC_WARN_UNUSED_FUNCTION = YES;
				GCC_WARN_UNUSED_VARIABLE = YES;
				MACOSX_DEPLOYMENT_TARGET = 10.15;
				MTL_ENABLE_DEBUG_INFO = NO;
				MTL_FAST_MATH = YES;
				SDKROOT = macosx;
			};
			name = Release;
		};
		609CB9EF23DCB81A002AF2FE /* Debug */ = {
			isa = XCBuildConfiguration;
			buildSettings = {
				CODE_SIGN_IDENTITY = "-";
				CODE_SIGN_STYLE = Automatic;
				DEVELOPMENT_TEAM = BZ8467666S;
				ENABLE_HARDENED_RUNTIME = YES;
				PRODUCT_NAME = "$(TARGET_NAME)";
			};
			name = Debug;
		};
		609CB9F023DCB81A002AF2FE /* Release */ = {
			isa = XCBuildConfiguration;
			buildSettings = {
				CODE_SIGN_IDENTITY = "-";
				CODE_SIGN_STYLE = Automatic;
				DEVELOPMENT_TEAM = BZ8467666S;
				ENABLE_HARDENED_RUNTIME = YES;
				PRODUCT_NAME = "$(TARGET_NAME)";
			};
			name = Release;
		};
/* End XCBuildConfiguration section */

/* Begin XCConfigurationList section */
		609CB9E223DCB81A002AF2FE /* Build configuration list for PBXProject "RCR" */ = {
			isa = XCConfigurationList;
			buildConfigurations = (
				609CB9EC23DCB81A002AF2FE /* Debug */,
				609CB9ED23DCB81A002AF2FE /* Release */,
			);
			defaultConfigurationIsVisible = 0;
			defaultConfigurationName = Release;
		};
		609CB9EE23DCB81A002AF2FE /* Build configuration list for PBXNativeTarget "RCR" */ = {
			isa = XCConfigurationList;
			buildConfigurations = (
				609CB9EF23DCB81A002AF2FE /* Debug */,
				609CB9F023DCB81A002AF2FE /* Release */,
			);
			defaultConfigurationIsVisible = 0;
			defaultConfigurationName = Release;
		};
/* End XCConfigurationList section */
	};
	rootObject = 609CB9DF23DCB81A002AF2FE /* Project object */;
}
